# THIS IS AN AUTOGENERATED FILE. DO NOT EDIT THIS FILE DIRECTLY.
# yarn lockfile v1


chart.js@2.6.0:
  version "2.6.0"
  resolved "https://registry.yarnpkg.com/chart.js/-/chart.js-2.6.0.tgz#308f9a4b0bfed5a154c14f5deb1d9470d22abe71"
  dependencies:
    chartjs-color "^2.1.0"
    moment "^2.10.6"

chartjs-color-string@^0.4.0:
  version "0.4.0"
  resolved "https://registry.yarnpkg.com/chartjs-color-string/-/chartjs-color-string-0.4.0.tgz#57748d4530ae28d8db0a5492182ba06dfdf2f468"
  dependencies:
    color-name "^1.0.0"

chartjs-color@^2.1.0:
  version "2.1.0"
  resolved "https://registry.yarnpkg.com/chartjs-color/-/chartjs-color-2.1.0.tgz#9c39ac830ccd98996ae80c9f11086ff12c98a756"
  dependencies:
    chartjs-color-string "^0.4.0"
    color-convert "^0.5.3"

color-convert@^0.5.3:
  version "0.5.3"
  resolved "https://registry.yarnpkg.com/color-convert/-/color-convert-0.5.3.tgz#bdb6c69ce660fadffe0b0007cc447e1b9f7282bd"

color-name@^1.0.0:
  version "1.1.1"
  resolved "https://registry.yarnpkg.com/color-name/-/color-name-1.1.1.tgz#4b1415304cf50028ea81643643bd82ea05803689"

moment@^2.10.6:
  version "2.17.1"
  resolved "https://registry.yarnpkg.com/moment/-/moment-2.17.1.tgz#fed9506063f36b10f066c8b59a144d7faebe1d82"
